
Microsoft Visual Studio Solution File, Format Version 12.00
# Visual Studio Version 16
VisualStudioVersion = 16.0.30611.23
MinimumVisualStudioVersion = 10.0.40219.1
Project("{FAE04EC0-301F-11D3-BF4B-00C04F79EFBC}") = "ModeDimensionalArrays", "ModeDimensionalArrays\ModeDimensionalArrays.csproj", "{DA055C8A-B70B-4631-9A07-1D49A32EEF5C}"
EndProject
Global
	GlobalSection(SolutionConfigurationPlatforms) = preSolution
		Debug|Any CPU = Debug|Any CPU
		Release|Any CPU = Release|Any CPU
	EndGlobalSection
	GlobalSection(ProjectConfigurationPlatforms) = postSolution
		{DA055C8A-B70B-4631-9A07-1D49A32EEF5C}.Debug|Any CPU.ActiveCfg = Debug|Any CPU
		{DA055C8A-B70B-4631-9A07-1D49A32EEF5C}.Debug|Any CPU.Build.0 = Debug|Any CPU
		{DA055C8A-B70B-4631-9A07-1D49A32EEF5C}.Release|Any CPU.ActiveCfg = Release|Any CPU
		{DA055C8A-B70B-4631-9A07-1D49A32EEF5C}.Release|Any CPU.Build.0 = Release|Any CPU
	EndGlobalSection
	GlobalSection(SolutionProperties) = preSolution
		HideSolutionNode = FALSE
	EndGlobalSection
	GlobalSection(ExtensibilityGlobals) = postSolution
		SolutionGuid = {AB82B4DF-1982-4BD1-AE97-162A3F2CD6DD}
	EndGlobalSection
EndGlobal
